{
  "name": "goblin",
  "version": "1.0.0",
  "lockfileVersion": 1,
  "requires": true,
  "dependencies": {
    "bindings": {
      "version": "1.2.1",
      "resolved": "https://registry.npmjs.org/bindings/-/bindings-1.2.1.tgz",
      "integrity": "sha1-FK1hE4EtLTfXLme0ystLtyZQXxE=",
      "optional": true
    },
    "nan": {
      "version": "2.6.2",
      "resolved": "https://registry.npmjs.org/nan/-/nan-2.6.2.tgz",
      "integrity": "sha1-5P805slf37WuzAjeZZb0NgWn20U=",
      "optional": true
    },
    "rollup": {
      "version": "0.43.1",
      "resolved": "https://registry.npmjs.org/rollup/-/rollup-0.43.1.tgz",
      "integrity": "sha512-Y/7r6bE1sSpvBoMNZpSWKGHM2q67YxzBADbsfVqMf+nM6SbsQnU7BPMdrE3m/GiT46BQMN8BwFGhjukQP8Yy0A==",
      "requires": {
        "source-map-support": "0.4.15",
        "weak": "1.0.1"
      }
    },
    "rollup-plugin-includepaths": {
      "version": "https://registry.npmjs.org/rollup-plugin-includepaths/-/rollup-plugin-includepaths-0.2.2.tgz",
      "integrity": "sha1-S2iPIgq6iMaC44RrZT3dLrEH8aw="
    },
    "source-map": {
      "version": "0.5.6",
      "resolved": "https://registry.npmjs.org/source-map/-/source-map-0.5.6.tgz",
      "integrity": "sha1-dc449SvwczxafwwRjYEzSiu19BI="
    },
    "source-map-support": {
      "version": "0.4.15",
      "resolved": "https://registry.npmjs.org/source-map-support/-/source-map-support-0.4.15.tgz",
      "integrity": "sha1-AyAt9lwG0r2MfsI2KhkwVv7407E=",
      "requires": {
        "source-map": "0.5.6"
      }
    },
    "weak": {
      "version": "1.0.1",
      "resolved": "https://registry.npmjs.org/weak/-/weak-1.0.1.tgz",
      "integrity": "sha1-q5mqswcGlZqgIAy4z1RbucszuZ4=",
      "optional": true,
      "requires": {
        "bindings": "1.2.1",
        "nan": "2.6.2"
      }
    }
  }
}
